
Microsoft Visual Studio Solution File, Format Version 12.00
# Visual Studio Version 17
VisualStudioVersion = 17.7.34018.315
MinimumVisualStudioVersion = 10.0.40219.1
Project("{FAE04EC0-301F-11D3-BF4B-00C04F79EFBC}") = "DataMunging", "DataMunging.csproj", "{CB007565-09D1-469F-9AE8-C3409FD03363}"
EndProject
Global
	GlobalSection(SolutionConfigurationPlatforms) = preSolution
		Debug|Any CPU = Debug|Any CPU
		Release|Any CPU = Release|Any CPU
	EndGlobalSection
	GlobalSection(ProjectConfigurationPlatforms) = postSolution
		{CB007565-09D1-469F-9AE8-C3409FD03363}.Debug|Any CPU.ActiveCfg = Debug|Any CPU
		{CB007565-09D1-469F-9AE8-C3409FD03363}.Debug|Any CPU.Build.0 = Debug|Any CPU
		{CB007565-09D1-469F-9AE8-C3409FD03363}.Release|Any CPU.ActiveCfg = Release|Any CPU
		{CB007565-09D1-469F-9AE8-C3409FD03363}.Release|Any CPU.Build.0 = Release|Any CPU
	EndGlobalSection
	GlobalSection(SolutionProperties) = preSolution
		HideSolutionNode = FALSE
	EndGlobalSection
	GlobalSection(ExtensibilityGlobals) = postSolution
		SolutionGuid = {C33B9876-2F22-4507-AC39-5FB1B2FC8CFE}
	EndGlobalSection
EndGlobal
